
Microsoft Visual Studio Solution File, Format Version 12.00
# Visual Studio Version 16
VisualStudioVersion = 16.0.31205.134
MinimumVisualStudioVersion = 10.0.40219.1
Project("{FAE04EC0-301F-11D3-BF4B-00C04F79EFBC}") = "cwiczenia-4-s16324-1", "cwiczenia-4-s16324-1.csproj", "{90DB8048-9152-4AB4-ACFD-17AC8C1CF30C}"
EndProject
Global
	GlobalSection(SolutionConfigurationPlatforms) = preSolution
		Debug|Any CPU = Debug|Any CPU
		Release|Any CPU = Release|Any CPU
	EndGlobalSection
	GlobalSection(ProjectConfigurationPlatforms) = postSolution
		{90DB8048-9152-4AB4-ACFD-17AC8C1CF30C}.Debug|Any CPU.ActiveCfg = Debug|Any CPU
		{90DB8048-9152-4AB4-ACFD-17AC8C1CF30C}.Debug|Any CPU.Build.0 = Debug|Any CPU
		{90DB8048-9152-4AB4-ACFD-17AC8C1CF30C}.Release|Any CPU.ActiveCfg = Release|Any CPU
		{90DB8048-9152-4AB4-ACFD-17AC8C1CF30C}.Release|Any CPU.Build.0 = Release|Any CPU
	EndGlobalSection
	GlobalSection(SolutionProperties) = preSolution
		HideSolutionNode = FALSE
	EndGlobalSection
	GlobalSection(ExtensibilityGlobals) = postSolution
		SolutionGuid = {24F880A0-2014-4B59-AE09-2A406DA9CC06}
	EndGlobalSection
EndGlobal
